
Microsoft Visual Studio Solution File, Format Version 11.00
# Visual Studio 2010
Project("{8BC9CEB8-8B4A-11D0-8D11-00A0C91BC942}") = "face503", "face503\face503.vcxproj", "{42B110E1-D1EB-40C3-A38D-739688BD3A9E}"
EndProject
Global
	GlobalSection(SolutionConfigurationPlatforms) = preSolution
		Debug|Win32 = Debug|Win32
		Release|Win32 = Release|Win32
	EndGlobalSection
	GlobalSection(ProjectConfigurationPlatforms) = postSolution
		{42B110E1-D1EB-40C3-A38D-739688BD3A9E}.Debug|Win32.ActiveCfg = Debug|Win32
		{42B110E1-D1EB-40C3-A38D-739688BD3A9E}.Debug|Win32.Build.0 = Debug|Win32
		{42B110E1-D1EB-40C3-A38D-739688BD3A9E}.Release|Win32.ActiveCfg = Release|Win32
		{42B110E1-D1EB-40C3-A38D-739688BD3A9E}.Release|Win32.Build.0 = Release|Win32
	EndGlobalSection
	GlobalSection(SolutionProperties) = preSolution
		HideSolutionNode = FALSE
	EndGlobalSection
EndGlobal
